# Lockfile v4
# This file is automatically generated by Wapm.
# It is not intended for manual editing. The schema of this file may change.
[modules."guregu/trealla"."0.5.1".tpl]
name = "tpl"
package_version = "0.5.1"
package_name = "guregu/trealla"
package_path = "guregu/trealla@0.5.1"
resolved = "https://registry-cdn.wapm.io/packages/guregu/trealla/trealla-0.5.1.tar.gz"
resolved_source = "registry+tpl"
abi = "wasi"
source = "tpl.wasm"
[commands.tpl]
name = "tpl"
package_name = "guregu/trealla"
package_version = "0.5.1"
module = "tpl"
is_top_level_dependency = true
