github.com/bytecodealliance/wasmtime-go/v8 v8.0.0 h1:jP4sqm2PHgm3+eQ50zCoCdIyQFkIL/Rtkw6TT8OYPFI=
github.com/bytecodealliance/wasmtime-go/v8 v8.0.0/go.mod h1:tgazNLU7xSC2gfRAM8L4WyE+dgs5yp9FF5/tGebEQyM=
github.com/davecgh/go-spew v1.1.1 h1:vj9j/u1bqnvCEfJOwUhtlOARqs3+rkHYY13jYWTU97c=
github.com/lib/pq v1.10.9 h1:YXG7RB+JIjhP29X+OtkiDnYaXQwpS4JEWq7dtCCRUEw=
github.com/lib/pq v1.10.9/go.mod h1:AlVN5x4E4T544tWzH6hKfbfQvm3HdbOxrmggDNAPY9o=
github.com/pmezard/go-difflib v1.0.0 h1:4DBwDE0NGyQoBHbLQYPwSUPoCMWR5BEzIk/f1lZbAQM=
github.com/stretchr/testify v1.8.1 h1:w7B6lhMri9wdJUVmEZPGGhZzrYTPvgJArz7wNPgYKsk=
github.com/trealla-prolog/go v0.13.9 h1:ZZesdRT+RjEXWEaDI4extKFIAbmExUUOVvw5NvXxZAI=
github.com/trealla-prolog/go v0.13.9/go.mod h1:PnMv/imG6iuoon0QUP/gSAqtHWeA55iV05W2dtOLn9U=
golang.org/x/exp v0.0.0-20230425010034-47ecfdc1ba53 h1:5llv2sWeaMSnA3w2kS57ouQQ4pudlXrR0dCgw51QK9o=
golang.org/x/exp v0.0.0-20230425010034-47ecfdc1ba53/go.mod h1:V1LtkGg67GoY2N1AnLN78QLrzxkLyJw7RJb1gzOOz9w=
gopkg.in/yaml.v3 v3.0.1 h1:fxVm/GzAzEWqLHuvctI91KS9hhNmmWOoWu0XTYJS7CA=
